// !$*UTF8*$!
{
	archiveVersion = 1;
	classes = {
	};
	objectVersion = 50;
	objects = {

/* Begin PBXBuildFile section */
		9B627FB621AE22260043EB63 /* HomeViewController.swift in Sources */ = {isa = PBXBuildFile; fileRef = 9B627FB521AE22260043EB63 /* HomeViewController.swift */; };
		9B627FB821AE2B2F0043EB63 /* PageHautBasViewController.swift in Sources */ = {isa = PBXBuildFile; fileRef = 9B627FB721AE2B2F0043EB63 /* PageHautBasViewController.swift */; };
		9B7E3D1221A4CFD000F4541F /* AppDelegate.swift in Sources */ = {isa = PBXBuildFile; fileRef = 9B7E3D1121A4CFD000F4541F /* AppDelegate.swift */; };
		9B7E3D1421A4CFD000F4541F /* ViewController.swift in Sources */ = {isa = PBXBuildFile; fileRef = 9B7E3D1321A4CFD000F4541F /* ViewController.swift */; };
		9B7E3D1921A4CFDA00F4541F /* Assets.xcassets in Resources */ = {isa = PBXBuildFile; fileRef = 9B7E3D1821A4CFDA00F4541F /* Assets.xcassets */; };
		9B7E3D1C21A4CFDA00F4541F /* LaunchScreen.storyboard in Resources */ = {isa = PBXBuildFile; fileRef = 9B7E3D1A21A4CFDA00F4541F /* LaunchScreen.storyboard */; };
		9B7E3D2721A4CFDA00F4541F /* ItoIgnacioAutomne2018Tests.swift in Sources */ = {isa = PBXBuildFile; fileRef = 9B7E3D2621A4CFDA00F4541F /* ItoIgnacioAutomne2018Tests.swift */; };
		9B7E3D3221A4CFDA00F4541F /* ItoIgnacioAutomne2018UITests.swift in Sources */ = {isa = PBXBuildFile; fileRef = 9B7E3D3121A4CFDA00F4541F /* ItoIgnacioAutomne2018UITests.swift */; };
		9BFD7FCC21B73EF6002C30F6 /* SFSportsNight.ttf in Resources */ = {isa = PBXBuildFile; fileRef = 9BFD7FCB21B73EEA002C30F6 /* SFSportsNight.ttf */; };
		9BFD7FCD21B73EF6002C30F6 /* SFSportsNightAlternate.ttf in Resources */ = {isa = PBXBuildFile; fileRef = 9BFD7FCA21B73E4A002C30F6 /* SFSportsNightAlternate.ttf */; };
		9BFD7FCE21B73EF6002C30F6 /* SFSportsNightAltUpright.ttf in Resources */ = {isa = PBXBuildFile; fileRef = 9BFD7FC821B73E4A002C30F6 /* SFSportsNightAltUpright.ttf */; };
		9BFD7FCF21B73EF6002C30F6 /* SFSportsNightNS.ttf in Resources */ = {isa = PBXBuildFile; fileRef = 9BFD7FC421B73E49002C30F6 /* SFSportsNightNS.ttf */; };
		9BFD7FD021B73EF6002C30F6 /* SFSportsNightNSAlternate.ttf in Resources */ = {isa = PBXBuildFile; fileRef = 9BFD7FC521B73E49002C30F6 /* SFSportsNightNSAlternate.ttf */; };
		9BFD7FD121B73EF6002C30F6 /* SFSportsNightNSAltUpright.ttf in Resources */ = {isa = PBXBuildFile; fileRef = 9BFD7FC621B73E49002C30F6 /* SFSportsNightNSAltUpright.ttf */; };
		9BFD7FD221B73EF6002C30F6 /* SFSportsNightNSUpright.ttf in Resources */ = {isa = PBXBuildFile; fileRef = 9BFD7FC921B73E4A002C30F6 /* SFSportsNightNSUpright.ttf */; };
		9BFD7FD321B73EF6002C30F6 /* SFSportsNightUpright.ttf in Resources */ = {isa = PBXBuildFile; fileRef = 9BFD7FC721B73E4A002C30F6 /* SFSportsNightUpright.ttf */; };
		9BFD7FD721B7454E002C30F6 /* TabelaFenetreViewController.swift in Sources */ = {isa = PBXBuildFile; fileRef = 9BFD7FD621B7454E002C30F6 /* TabelaFenetreViewController.swift */; };
		9BFD7FDB21B76ADF002C30F6 /* ViewController.swift in Sources */ = {isa = PBXBuildFile; fileRef = 9BFD7FD921B76ADF002C30F6 /* ViewController.swift */; };
		9BFD7FDC21B76ADF002C30F6 /* Main.storyboard in Resources */ = {isa = PBXBuildFile; fileRef = 9BFD7FDA21B76ADF002C30F6 /* Main.storyboard */; };
/* End PBXBuildFile section */

/* Begin PBXContainerItemProxy section */
		9B7E3D2321A4CFDA00F4541F /* PBXContainerItemProxy */ = {
			isa = PBXContainerItemProxy;
			containerPortal = 9B7E3D0621A4CFD000F4541F /* Project object */;
			proxyType = 1;
			remoteGlobalIDString = 9B7E3D0D21A4CFD000F4541F;
			remoteInfo = ItoIgnacioAutomne2018;
		};
		9B7E3D2E21A4CFDA00F4541F /* PBXContainerItemProxy */ = {
			isa = PBXContainerItemProxy;
			containerPortal = 9B7E3D0621A4CFD000F4541F /* Project object */;
			proxyType = 1;
			remoteGlobalIDString = 9B7E3D0D21A4CFD000F4541F;
			remoteInfo = ItoIgnacioAutomne2018;
		};
/* End PBXContainerItemProxy section */

/* Begin PBXFileReference section */
		9B627FB521AE22260043EB63 /* HomeViewController.swift */ = {isa = PBXFileReference; lastKnownFileType = sourcecode.swift; path = HomeViewController.swift; sourceTree = "<group>"; };
		9B627FB721AE2B2F0043EB63 /* PageHautBasViewController.swift */ = {isa = PBXFileReference; lastKnownFileType = sourcecode.swift; path = PageHautBasViewController.swift; sourceTree = "<group>"; };
		9B7E3D0E21A4CFD000F4541F /* ItoIgnacioAutomne2018.app */ = {isa = PBXFileReference; explicitFileType = wrapper.application; includeInIndex = 0; path = ItoIgnacioAutomne2018.app; sourceTree = BUILT_PRODUCTS_DIR; };
		9B7E3D1121A4CFD000F4541F /* AppDelegate.swift */ = {isa = PBXFileReference; lastKnownFileType = sourcecode.swift; path = AppDelegate.swift; sourceTree = "<group>"; };
		9B7E3D1321A4CFD000F4541F /* ViewController.swift */ = {isa = PBXFileReference; lastKnownFileType = sourcecode.swift; path = ViewController.swift; sourceTree = "<group>"; };
		9B7E3D1821A4CFDA00F4541F /* Assets.xcassets */ = {isa = PBXFileReference; lastKnownFileType = folder.assetcatalog; path = Assets.xcassets; sourceTree = "<group>"; };
		9B7E3D1B21A4CFDA00F4541F /* Base */ = {isa = PBXFileReference; lastKnownFileType = file.storyboard; name = Base; path = Base.lproj/LaunchScreen.storyboard; sourceTree = "<group>"; };
		9B7E3D1D21A4CFDA00F4541F /* Info.plist */ = {isa = PBXFileReference; lastKnownFileType = text.plist.xml; path = Info.plist; sourceTree = "<group>"; };
		9B7E3D2221A4CFDA00F4541F /* ItoIgnacioAutomne2018Tests.xctest */ = {isa = PBXFileReference; explicitFileType = wrapper.cfbundle; includeInIndex = 0; path = ItoIgnacioAutomne2018Tests.xctest; sourceTree = BUILT_PRODUCTS_DIR; };
		9B7E3D2621A4CFDA00F4541F /* ItoIgnacioAutomne2018Tests.swift */ = {isa = PBXFileReference; lastKnownFileType = sourcecode.swift; path = ItoIgnacioAutomne2018Tests.swift; sourceTree = "<group>"; };
		9B7E3D2821A4CFDA00F4541F /* Info.plist */ = {isa = PBXFileReference; lastKnownFileType = text.plist.xml; path = Info.plist; sourceTree = "<group>"; };
		9B7E3D2D21A4CFDA00F4541F /* ItoIgnacioAutomne2018UITests.xctest */ = {isa = PBXFileReference; explicitFileType = wrapper.cfbundle; includeInIndex = 0; path = ItoIgnacioAutomne2018UITests.xctest; sourceTree = BUILT_PRODUCTS_DIR; };
		9B7E3D3121A4CFDA00F4541F /* ItoIgnacioAutomne2018UITests.swift */ = {isa = PBXFileReference; lastKnownFileType = sourcecode.swift; path = ItoIgnacioAutomne2018UITests.swift; sourceTree = "<group>"; };
		9B7E3D3321A4CFDA00F4541F /* Info.plist */ = {isa = PBXFileReference; lastKnownFileType = text.plist.xml; path = Info.plist; sourceTree = "<group>"; };
		9BFD7FC421B73E49002C30F6 /* SFSportsNightNS.ttf */ = {isa = PBXFileReference; lastKnownFileType = file; path = SFSportsNightNS.ttf; sourceTree = "<group>"; };
		9BFD7FC521B73E49002C30F6 /* SFSportsNightNSAlternate.ttf */ = {isa = PBXFileReference; lastKnownFileType = file; path = SFSportsNightNSAlternate.ttf; sourceTree = "<group>"; };
		9BFD7FC621B73E49002C30F6 /* SFSportsNightNSAltUpright.ttf */ = {isa = PBXFileReference; lastKnownFileType = file; path = SFSportsNightNSAltUpright.ttf; sourceTree = "<group>"; };
		9BFD7FC721B73E4A002C30F6 /* SFSportsNightUpright.ttf */ = {isa = PBXFileReference; lastKnownFileType = file; path = SFSportsNightUpright.ttf; sourceTree = "<group>"; };
		9BFD7FC821B73E4A002C30F6 /* SFSportsNightAltUpright.ttf */ = {isa = PBXFileReference; lastKnownFileType = file; path = SFSportsNightAltUpright.ttf; sourceTree = "<group>"; };
		9BFD7FC921B73E4A002C30F6 /* SFSportsNightNSUpright.ttf */ = {isa = PBXFileReference; lastKnownFileType = file; path = SFSportsNightNSUpright.ttf; sourceTree = "<group>"; };
		9BFD7FCA21B73E4A002C30F6 /* SFSportsNightAlternate.ttf */ = {isa = PBXFileReference; lastKnownFileType = file; path = SFSportsNightAlternate.ttf; sourceTree = "<group>"; };
		9BFD7FCB21B73EEA002C30F6 /* SFSportsNight.ttf */ = {isa = PBXFileReference; lastKnownFileType = file; path = SFSportsNight.ttf; sourceTree = "<group>"; };
		9BFD7FD621B7454E002C30F6 /* TabelaFenetreViewController.swift */ = {isa = PBXFileReference; lastKnownFileType = sourcecode.swift; path = TabelaFenetreViewController.swift; sourceTree = "<group>"; };
		9BFD7FD921B76ADF002C30F6 /* ViewController.swift */ = {isa = PBXFileReference; fileEncoding = 4; lastKnownFileType = sourcecode.swift; name = ViewController.swift; path = ../ViewController.swift; sourceTree = "<group>"; };
		9BFD7FDA21B76ADF002C30F6 /* Main.storyboard */ = {isa = PBXFileReference; fileEncoding = 4; lastKnownFileType = file.storyboard; path = Main.storyboard; sourceTree = "<group>"; };
/* End PBXFileReference section */

/* Begin PBXFrameworksBuildPhase section */
		9B7E3D0B21A4CFD000F4541F /* Frameworks */ = {
			isa = PBXFrameworksBuildPhase;
			buildActionMask = 2147483647;
			files = (
			);
			runOnlyForDeploymentPostprocessing = 0;
		};
		9B7E3D1F21A4CFDA00F4541F /* Frameworks */ = {
			isa = PBXFrameworksBuildPhase;
			buildActionMask = 2147483647;
			files = (
			);
			runOnlyForDeploymentPostprocessing = 0;
		};
		9B7E3D2A21A4CFDA00F4541F /* Frameworks */ = {
			isa = PBXFrameworksBuildPhase;
			buildActionMask = 2147483647;
			files = (
			);
			runOnlyForDeploymentPostprocessing = 0;
		};
/* End PBXFrameworksBuildPhase section */

/* Begin PBXGroup section */
		9B7E3D0521A4CFD000F4541F = {
			isa = PBXGroup;
			children = (
				9B7E3D1021A4CFD000F4541F /* ItoIgnacioAutomne2018 */,
				9B7E3D2521A4CFDA00F4541F /* ItoIgnacioAutomne2018Tests */,
				9B7E3D3021A4CFDA00F4541F /* ItoIgnacioAutomne2018UITests */,
				9B7E3D0F21A4CFD000F4541F /* Products */,
			);
			sourceTree = "<group>";
		};
		9B7E3D0F21A4CFD000F4541F /* Products */ = {
			isa = PBXGroup;
			children = (
				9B7E3D0E21A4CFD000F4541F /* ItoIgnacioAutomne2018.app */,
				9B7E3D2221A4CFDA00F4541F /* ItoIgnacioAutomne2018Tests.xctest */,
				9B7E3D2D21A4CFDA00F4541F /* ItoIgnacioAutomne2018UITests.xctest */,
			);
			name = Products;
			sourceTree = "<group>";
		};
		9B7E3D1021A4CFD000F4541F /* ItoIgnacioAutomne2018 */ = {
			isa = PBXGroup;
			children = (
				9B7E3D1121A4CFD000F4541F /* AppDelegate.swift */,
				9B7E3D1321A4CFD000F4541F /* ViewController.swift */,
				9BFD7FDA21B76ADF002C30F6 /* Main.storyboard */,
				9BFD7FC321B73E34002C30F6 /* Fonts */,
				9B627FB721AE2B2F0043EB63 /* PageHautBasViewController.swift */,
				9B627FB521AE22260043EB63 /* HomeViewController.swift */,
				9BFD7FD621B7454E002C30F6 /* TabelaFenetreViewController.swift */,
				9BFD7FD921B76ADF002C30F6 /* ViewController.swift */,
				9B7E3D1821A4CFDA00F4541F /* Assets.xcassets */,
				9B7E3D1A21A4CFDA00F4541F /* LaunchScreen.storyboard */,
				9B7E3D1D21A4CFDA00F4541F /* Info.plist */,
			);
			path = ItoIgnacioAutomne2018;
			sourceTree = "<group>";
		};
		9B7E3D2521A4CFDA00F4541F /* ItoIgnacioAutomne2018Tests */ = {
			isa = PBXGroup;
			children = (
				9B7E3D2621A4CFDA00F4541F /* ItoIgnacioAutomne2018Tests.swift */,
				9B7E3D2821A4CFDA00F4541F /* Info.plist */,
			);
			path = ItoIgnacioAutomne2018Tests;
			sourceTree = "<group>";
		};
		9B7E3D3021A4CFDA00F4541F /* ItoIgnacioAutomne2018UITests */ = {
			isa = PBXGroup;
			children = (
				9B7E3D3121A4CFDA00F4541F /* ItoIgnacioAutomne2018UITests.swift */,
				9B7E3D3321A4CFDA00F4541F /* Info.plist */,
			);
			path = ItoIgnacioAutomne2018UITests;
			sourceTree = "<group>";
		};
		9BFD7FC321B73E34002C30F6 /* Fonts */ = {
			isa = PBXGroup;
			children = (
				9BFD7FCB21B73EEA002C30F6 /* SFSportsNight.ttf */,
				9BFD7FCA21B73E4A002C30F6 /* SFSportsNightAlternate.ttf */,
				9BFD7FC821B73E4A002C30F6 /* SFSportsNightAltUpright.ttf */,
				9BFD7FC421B73E49002C30F6 /* SFSportsNightNS.ttf */,
				9BFD7FC521B73E49002C30F6 /* SFSportsNightNSAlternate.ttf */,
				9BFD7FC621B73E49002C30F6 /* SFSportsNightNSAltUpright.ttf */,
				9BFD7FC921B73E4A002C30F6 /* SFSportsNightNSUpright.ttf */,
				9BFD7FC721B73E4A002C30F6 /* SFSportsNightUpright.ttf */,
			);
			path = Fonts;
			sourceTree = "<group>";
		};
/* End PBXGroup section */

/* Begin PBXNativeTarget section */
		9B7E3D0D21A4CFD000F4541F /* ItoIgnacioAutomne2018 */ = {
			isa = PBXNativeTarget;
			buildConfigurationList = 9B7E3D3621A4CFDA00F4541F /* Build configuration list for PBXNativeTarget "ItoIgnacioAutomne2018" */;
			buildPhases = (
				9B7E3D0A21A4CFD000F4541F /* Sources */,
				9B7E3D0B21A4CFD000F4541F /* Frameworks */,
				9B7E3D0C21A4CFD000F4541F /* Resources */,
			);
			buildRules = (
			);
			dependencies = (
			);
			name = ItoIgnacioAutomne2018;
			productName = ItoIgnacioAutomne2018;
			productReference = 9B7E3D0E21A4CFD000F4541F /* ItoIgnacioAutomne2018.app */;
			productType = "com.apple.product-type.application";
		};
		9B7E3D2121A4CFDA00F4541F /* ItoIgnacioAutomne2018Tests */ = {
			isa = PBXNativeTarget;
			buildConfigurationList = 9B7E3D3921A4CFDA00F4541F /* Build configuration list for PBXNativeTarget "ItoIgnacioAutomne2018Tests" */;
			buildPhases = (
				9B7E3D1E21A4CFDA00F4541F /* Sources */,
				9B7E3D1F21A4CFDA00F4541F /* Frameworks */,
				9B7E3D2021A4CFDA00F4541F /* Resources */,
			);
			buildRules = (
			);
			dependencies = (
				9B7E3D2421A4CFDA00F4541F /* PBXTargetDependency */,
			);
			name = ItoIgnacioAutomne2018Tests;
			productName = ItoIgnacioAutomne2018Tests;
			productReference = 9B7E3D2221A4CFDA00F4541F /* ItoIgnacioAutomne2018Tests.xctest */;
			productType = "com.apple.product-type.bundle.unit-test";
		};
		9B7E3D2C21A4CFDA00F4541F /* ItoIgnacioAutomne2018UITests */ = {
			isa = PBXNativeTarget;
			buildConfigurationList = 9B7E3D3C21A4CFDA00F4541F /* Build configuration list for PBXNativeTarget "ItoIgnacioAutomne2018UITests" */;
			buildPhases = (
				9B7E3D2921A4CFDA00F4541F /* Sources */,
				9B7E3D2A21A4CFDA00F4541F /* Frameworks */,
				9B7E3D2B21A4CFDA00F4541F /* Resources */,
			);
			buildRules = (
			);
			dependencies = (
				9B7E3D2F21A4CFDA00F4541F /* PBXTargetDependency */,
			);
			name = ItoIgnacioAutomne2018UITests;
			productName = ItoIgnacioAutomne2018UITests;
			productReference = 9B7E3D2D21A4CFDA00F4541F /* ItoIgnacioAutomne2018UITests.xctest */;
			productType = "com.apple.product-type.bundle.ui-testing";
		};
/* End PBXNativeTarget section */

/* Begin PBXProject section */
		9B7E3D0621A4CFD000F4541F /* Project object */ = {
			isa = PBXProject;
			attributes = {
				LastSwiftUpdateCheck = 1000;
				LastUpgradeCheck = 1000;
				ORGANIZATIONNAME = eleves;
				TargetAttributes = {
					9B7E3D0D21A4CFD000F4541F = {
						CreatedOnToolsVersion = 10.0;
					};
					9B7E3D2121A4CFDA00F4541F = {
						CreatedOnToolsVersion = 10.0;
						TestTargetID = 9B7E3D0D21A4CFD000F4541F;
					};
					9B7E3D2C21A4CFDA00F4541F = {
						CreatedOnToolsVersion = 10.0;
						TestTargetID = 9B7E3D0D21A4CFD000F4541F;
					};
				};
			};
			buildConfigurationList = 9B7E3D0921A4CFD000F4541F /* Build configuration list for PBXProject "ItoIgnacioAutomne2018" */;
			compatibilityVersion = "Xcode 9.3";
			developmentRegion = en;
			hasScannedForEncodings = 0;
			knownRegions = (
				en,
				Base,
			);
			mainGroup = 9B7E3D0521A4CFD000F4541F;
			productRefGroup = 9B7E3D0F21A4CFD000F4541F /* Products */;
			projectDirPath = "";
			projectRoot = "";
			targets = (
				9B7E3D0D21A4CFD000F4541F /* ItoIgnacioAutomne2018 */,
				9B7E3D2121A4CFDA00F4541F /* ItoIgnacioAutomne2018Tests */,
				9B7E3D2C21A4CFDA00F4541F /* ItoIgnacioAutomne2018UITests */,
			);
		};
/* End PBXProject section */

/* Begin PBXResourcesBuildPhase section */
		9B7E3D0C21A4CFD000F4541F /* Resources */ = {
			isa = PBXResourcesBuildPhase;
			buildActionMask = 2147483647;
			files = (
				9BFD7FD221B73EF6002C30F6 /* SFSportsNightNSUpright.ttf in Resources */,
				9B7E3D1C21A4CFDA00F4541F /* LaunchScreen.storyboard in Resources */,
				9BFD7FD121B73EF6002C30F6 /* SFSportsNightNSAltUpright.ttf in Resources */,
				9BFD7FCD21B73EF6002C30F6 /* SFSportsNightAlternate.ttf in Resources */,
				9B7E3D1921A4CFDA00F4541F /* Assets.xcassets in Resources */,
				9BFD7FDC21B76ADF002C30F6 /* Main.storyboard in Resources */,
				9BFD7FCE21B73EF6002C30F6 /* SFSportsNightAltUpright.ttf in Resources */,
				9BFD7FCF21B73EF6002C30F6 /* SFSportsNightNS.ttf in Resources */,
				9BFD7FCC21B73EF6002C30F6 /* SFSportsNight.ttf in Resources */,
				9BFD7FD321B73EF6002C30F6 /* SFSportsNightUpright.ttf in Resources */,
				9BFD7FD021B73EF6002C30F6 /* SFSportsNightNSAlternate.ttf in Resources */,
			);
			runOnlyForDeploymentPostprocessing = 0;
		};
		9B7E3D2021A4CFDA00F4541F /* Resources */ = {
			isa = PBXResourcesBuildPhase;
			buildActionMask = 2147483647;
			files = (
			);
			runOnlyForDeploymentPostprocessing = 0;
		};
		9B7E3D2B21A4CFDA00F4541F /* Resources */ = {
			isa = PBXResourcesBuildPhase;
			buildActionMask = 2147483647;
			files = (
			);
			runOnlyForDeploymentPostprocessing = 0;
		};
/* End PBXResourcesBuildPhase section */

/* Begin PBXSourcesBuildPhase section */
		9B7E3D0A21A4CFD000F4541F /* Sources */ = {
			isa = PBXSourcesBuildPhase;
			buildActionMask = 2147483647;
			files = (
				9BFD7FDB21B76ADF002C30F6 /* ViewController.swift in Sources */,
				9BFD7FD721B7454E002C30F6 /* TabelaFenetreViewController.swift in Sources */,
				9B7E3D1421A4CFD000F4541F /* ViewController.swift in Sources */,
				9B7E3D1221A4CFD000F4541F /* AppDelegate.swift in Sources */,
				9B627FB821AE2B2F0043EB63 /* PageHautBasViewController.swift in Sources */,
				9B627FB621AE22260043EB63 /* HomeViewController.swift in Sources */,
			);
			runOnlyForDeploymentPostprocessing = 0;
		};
		9B7E3D1E21A4CFDA00F4541F /* Sources */ = {
			isa = PBXSourcesBuildPhase;
			buildActionMask = 2147483647;
			files = (
				9B7E3D2721A4CFDA00F4541F /* ItoIgnacioAutomne2018Tests.swift in Sources */,
			);
			runOnlyForDeploymentPostprocessing = 0;
		};
		9B7E3D2921A4CFDA00F4541F /* Sources */ = {
			isa = PBXSourcesBuildPhase;
			buildActionMask = 2147483647;
			files = (
				9B7E3D3221A4CFDA00F4541F /* ItoIgnacioAutomne2018UITests.swift in Sources */,
			);
			runOnlyForDeploymentPostprocessing = 0;
		};
/* End PBXSourcesBuildPhase section */

/* Begin PBXTargetDependency section */
		9B7E3D2421A4CFDA00F4541F /* PBXTargetDependency */ = {
			isa = PBXTargetDependency;
			target = 9B7E3D0D21A4CFD000F4541F /* ItoIgnacioAutomne2018 */;
			targetProxy = 9B7E3D2321A4CFDA00F4541F /* PBXContainerItemProxy */;
		};
		9B7E3D2F21A4CFDA00F4541F /* PBXTargetDependency */ = {
			isa = PBXTargetDependency;
			target = 9B7E3D0D21A4CFD000F4541F /* ItoIgnacioAutomne2018 */;
			targetProxy = 9B7E3D2E21A4CFDA00F4541F /* PBXContainerItemProxy */;
		};
/* End PBXTargetDependency section */

/* Begin PBXVariantGroup section */
		9B7E3D1A21A4CFDA00F4541F /* LaunchScreen.storyboard */ = {
			isa = PBXVariantGroup;
			children = (
				9B7E3D1B21A4CFDA00F4541F /* Base */,
			);
			name = LaunchScreen.storyboard;
			sourceTree = "<group>";
		};
/* End PBXVariantGroup section */

/* Begin XCBuildConfiguration section */
		9B7E3D3421A4CFDA00F4541F /* Debug */ = {
			isa = XCBuildConfiguration;
			buildSettings = {
				ALWAYS_SEARCH_USER_PATHS = NO;
				CLANG_ANALYZER_NONNULL = YES;
				CLANG_ANALYZER_NUMBER_OBJECT_CONVERSION = YES_AGGRESSIVE;
				CLANG_CXX_LANGUAGE_STANDARD = "gnu++14";
				CLANG_CXX_LIBRARY = "libc++";
				CLANG_ENABLE_MODULES = YES;
				CLANG_ENABLE_OBJC_ARC = YES;
				CLANG_ENABLE_OBJC_WEAK = YES;
				CLANG_WARN_BLOCK_CAPTURE_AUTORELEASING = YES;
				CLANG_WARN_BOOL_CONVERSION = YES;
				CLANG_WARN_COMMA = YES;
				CLANG_WARN_CONSTANT_CONVERSION = YES;
				CLANG_WARN_DEPRECATED_OBJC_IMPLEMENTATIONS = YES;
				CLANG_WARN_DIRECT_OBJC_ISA_USAGE = YES_ERROR;
				CLANG_WARN_DOCUMENTATION_COMMENTS = YES;
				CLANG_WARN_EMPTY_BODY = YES;
				CLANG_WARN_ENUM_CONVERSION = YES;
				CLANG_WARN_INFINITE_RECURSION = YES;
				CLANG_WARN_INT_CONVERSION = YES;
				CLANG_WARN_NON_LITERAL_NULL_CONVERSION = YES;
				CLANG_WARN_OBJC_IMPLICIT_RETAIN_SELF = YES;
				CLANG_WARN_OBJC_LITERAL_CONVERSION = YES;
				CLANG_WARN_OBJC_ROOT_CLASS = YES_ERROR;
				CLANG_WARN_RANGE_LOOP_ANALYSIS = YES;
				CLANG_WARN_STRICT_PROTOTYPES = YES;
				CLANG_WARN_SUSPICIOUS_MOVE = YES;
				CLANG_WARN_UNGUARDED_AVAILABILITY = YES_AGGRESSIVE;
				CLANG_WARN_UNREACHABLE_CODE = YES;
				CLANG_WARN__DUPLICATE_METHOD_MATCH = YES;
				CODE_SIGN_IDENTITY = "iPhone Developer";
				COPY_PHASE_STRIP = NO;
				DEBUG_INFORMATION_FORMAT = dwarf;
				ENABLE_STRICT_OBJC_MSGSEND = YES;
				ENABLE_TESTABILITY = YES;
				GCC_C_LANGUAGE_STANDARD = gnu11;
				GCC_DYNAMIC_NO_PIC = NO;
				GCC_NO_COMMON_BLOCKS = YES;
				GCC_OPTIMIZATION_LEVEL = 0;
				GCC_PREPROCESSOR_DEFINITIONS = (
					"DEBUG=1",
					"$(inherited)",
				);
				GCC_WARN_64_TO_32_BIT_CONVERSION = YES;
				GCC_WARN_ABOUT_RETURN_TYPE = YES_ERROR;
				GCC_WARN_UNDECLARED_SELECTOR = YES;
				GCC_WARN_UNINITIALIZED_AUTOS = YES_AGGRESSIVE;
				GCC_WARN_UNUSED_FUNCTION = YES;
				GCC_WARN_UNUSED_VARIABLE = YES;
				IPHONEOS_DEPLOYMENT_TARGET = 12.0;
				MTL_ENABLE_DEBUG_INFO = INCLUDE_SOURCE;
				MTL_FAST_MATH = YES;
				ONLY_ACTIVE_ARCH = YES;
				SDKROOT = iphoneos;
				SWIFT_ACTIVE_COMPILATION_CONDITIONS = DEBUG;
				SWIFT_OPTIMIZATION_LEVEL = "-Onone";
			};
			name = Debug;
		};
		9B7E3D3521A4CFDA00F4541F /* Release */ = {
			isa = XCBuildConfiguration;
			buildSettings = {
				ALWAYS_SEARCH_USER_PATHS = NO;
				CLANG_ANALYZER_NONNULL = YES;
				CLANG_ANALYZER_NUMBER_OBJECT_CONVERSION = YES_AGGRESSIVE;
				CLANG_CXX_LANGUAGE_STANDARD = "gnu++14";
				CLANG_CXX_LIBRARY = "libc++";
				CLANG_ENABLE_MODULES = YES;
				CLANG_ENABLE_OBJC_ARC = YES;
				CLANG_ENABLE_OBJC_WEAK = YES;
				CLANG_WARN_BLOCK_CAPTURE_AUTORELEASING = YES;
				CLANG_WARN_BOOL_CONVERSION = YES;
				CLANG_WARN_COMMA = YES;
				CLANG_WARN_CONSTANT_CONVERSION = YES;
				CLANG_WARN_DEPRECATED_OBJC_IMPLEMENTATIONS = YES;
				CLANG_WARN_DIRECT_OBJC_ISA_USAGE = YES_ERROR;
				CLANG_WARN_DOCUMENTATION_COMMENTS = YES;
				CLANG_WARN_EMPTY_BODY = YES;
				CLANG_WARN_ENUM_CONVERSION = YES;
				CLANG_WARN_INFINITE_RECURSION = YES;
				CLANG_WARN_INT_CONVERSION = YES;
				CLANG_WARN_NON_LITERAL_NULL_CONVERSION = YES;
				CLANG_WARN_OBJC_IMPLICIT_RETAIN_SELF = YES;
				CLANG_WARN_OBJC_LITERAL_CONVERSION = YES;
				CLANG_WARN_OBJC_ROOT_CLASS = YES_ERROR;
				CLANG_WARN_RANGE_LOOP_ANALYSIS = YES;
				CLANG_WARN_STRICT_PROTOTYPES = YES;
				CLANG_WARN_SUSPICIOUS_MOVE = YES;
				CLANG_WARN_UNGUARDED_AVAILABILITY = YES_AGGRESSIVE;
				CLANG_WARN_UNREACHABLE_CODE = YES;
				CLANG_WARN__DUPLICATE_METHOD_MATCH = YES;
				CODE_SIGN_IDENTITY = "iPhone Developer";
				COPY_PHASE_STRIP = NO;
				DEBUG_INFORMATION_FORMAT = "dwarf-with-dsym";
				ENABLE_NS_ASSERTIONS = NO;
				ENABLE_STRICT_OBJC_MSGSEND = YES;
				GCC_C_LANGUAGE_STANDARD = gnu11;
				GCC_NO_COMMON_BLOCKS = YES;
				GCC_WARN_64_TO_32_BIT_CONVERSION = YES;
				GCC_WARN_ABOUT_RETURN_TYPE = YES_ERROR;
				GCC_WARN_UNDECLARED_SELECTOR = YES;
				GCC_WARN_UNINITIALIZED_AUTOS = YES_AGGRESSIVE;
				GCC_WARN_UNUSED_FUNCTION = YES;
				GCC_WARN_UNUSED_VARIABLE = YES;
				IPHONEOS_DEPLOYMENT_TARGET = 12.0;
				MTL_ENABLE_DEBUG_INFO = NO;
				MTL_FAST_MATH = YES;
				SDKROOT = iphoneos;
				SWIFT_COMPILATION_MODE = wholemodule;
				SWIFT_OPTIMIZATION_LEVEL = "-O";
				VALIDATE_PRODUCT = YES;
			};
			name = Release;
		};
		9B7E3D3721A4CFDA00F4541F /* Debug */ = {
			isa = XCBuildConfiguration;
			buildSettings = {
				ASSETCATALOG_COMPILER_APPICON_NAME = AppIcon;
				CODE_SIGN_STYLE = Automatic;
				INFOPLIST_FILE = ItoIgnacioAutomne2018/Info.plist;
				LD_RUNPATH_SEARCH_PATHS = (
					"$(inherited)",
					"@executable_path/Frameworks",
				);
				PRODUCT_BUNDLE_IDENTIFIER = grasset.ItoIgnacioAutomne2018;
				PRODUCT_NAME = "$(TARGET_NAME)";
				SWIFT_VERSION = 4.2;
				TARGETED_DEVICE_FAMILY = "1,2";
			};
			name = Debug;
		};
		9B7E3D3821A4CFDA00F4541F /* Release */ = {
			isa = XCBuildConfiguration;
			buildSettings = {
				ASSETCATALOG_COMPILER_APPICON_NAME = AppIcon;
				CODE_SIGN_STYLE = Automatic;
				INFOPLIST_FILE = ItoIgnacioAutomne2018/Info.plist;
				LD_RUNPATH_SEARCH_PATHS = (
					"$(inherited)",
					"@executable_path/Frameworks",
				);
				PRODUCT_BUNDLE_IDENTIFIER = grasset.ItoIgnacioAutomne2018;
				PRODUCT_NAME = "$(TARGET_NAME)";
				SWIFT_VERSION = 4.2;
				TARGETED_DEVICE_FAMILY = "1,2";
			};
			name = Release;
		};
		9B7E3D3A21A4CFDA00F4541F /* Debug */ = {
			isa = XCBuildConfiguration;
			buildSettings = {
				ALWAYS_EMBED_SWIFT_STANDARD_LIBRARIES = YES;
				BUNDLE_LOADER = "$(TEST_HOST)";
				CODE_SIGN_STYLE = Automatic;
				INFOPLIST_FILE = ItoIgnacioAutomne2018Tests/Info.plist;
				LD_RUNPATH_SEARCH_PATHS = (
					"$(inherited)",
					"@executable_path/Frameworks",
					"@loader_path/Frameworks",
				);
				PRODUCT_BUNDLE_IDENTIFIER = grasset.ItoIgnacioAutomne2018Tests;
				PRODUCT_NAME = "$(TARGET_NAME)";
				SWIFT_VERSION = 4.2;
				TARGETED_DEVICE_FAMILY = "1,2";
				TEST_HOST = "$(BUILT_PRODUCTS_DIR)/ItoIgnacioAutomne2018.app/ItoIgnacioAutomne2018";
			};
			name = Debug;
		};
		9B7E3D3B21A4CFDA00F4541F /* Release */ = {
			isa = XCBuildConfiguration;
			buildSettings = {
				ALWAYS_EMBED_SWIFT_STANDARD_LIBRARIES = YES;
				BUNDLE_LOADER = "$(TEST_HOST)";
				CODE_SIGN_STYLE = Automatic;
				INFOPLIST_FILE = ItoIgnacioAutomne2018Tests/Info.plist;
				LD_RUNPATH_SEARCH_PATHS = (
					"$(inherited)",
					"@executable_path/Frameworks",
					"@loader_path/Frameworks",
				);
				PRODUCT_BUNDLE_IDENTIFIER = grasset.ItoIgnacioAutomne2018Tests;
				PRODUCT_NAME = "$(TARGET_NAME)";
				SWIFT_VERSION = 4.2;
				TARGETED_DEVICE_FAMILY = "1,2";
				TEST_HOST = "$(BUILT_PRODUCTS_DIR)/ItoIgnacioAutomne2018.app/ItoIgnacioAutomne2018";
			};
			name = Release;
		};
		9B7E3D3D21A4CFDA00F4541F /* Debug */ = {
			isa = XCBuildConfiguration;
			buildSettings = {
				ALWAYS_EMBED_SWIFT_STANDARD_LIBRARIES = YES;
				CODE_SIGN_STYLE = Automatic;
				INFOPLIST_FILE = ItoIgnacioAutomne2018UITests/Info.plist;
				LD_RUNPATH_SEARCH_PATHS = (
					"$(inherited)",
					"@executable_path/Frameworks",
					"@loader_path/Frameworks",
				);
				PRODUCT_BUNDLE_IDENTIFIER = grasset.ItoIgnacioAutomne2018UITests;
				PRODUCT_NAME = "$(TARGET_NAME)";
				SWIFT_VERSION = 4.2;
				TARGETED_DEVICE_FAMILY = "1,2";
				TEST_TARGET_NAME = ItoIgnacioAutomne2018;
			};
			name = Debug;
		};
		9B7E3D3E21A4CFDA00F4541F /* Release */ = {
			isa = XCBuildConfiguration;
			buildSettings = {
				ALWAYS_EMBED_SWIFT_STANDARD_LIBRARIES = YES;
				CODE_SIGN_STYLE = Automatic;
				INFOPLIST_FILE = ItoIgnacioAutomne2018UITests/Info.plist;
				LD_RUNPATH_SEARCH_PATHS = (
					"$(inherited)",
					"@executable_path/Frameworks",
					"@loader_path/Frameworks",
				);
				PRODUCT_BUNDLE_IDENTIFIER = grasset.ItoIgnacioAutomne2018UITests;
				PRODUCT_NAME = "$(TARGET_NAME)";
				SWIFT_VERSION = 4.2;
				TARGETED_DEVICE_FAMILY = "1,2";
				TEST_TARGET_NAME = ItoIgnacioAutomne2018;
			};
			name = Release;
		};
/* End XCBuildConfiguration section */

/* Begin XCConfigurationList section */
		9B7E3D0921A4CFD000F4541F /* Build configuration list for PBXProject "ItoIgnacioAutomne2018" */ = {
			isa = XCConfigurationList;
			buildConfigurations = (
				9B7E3D3421A4CFDA00F4541F /* Debug */,
				9B7E3D3521A4CFDA00F4541F /* Release */,
			);
			defaultConfigurationIsVisible = 0;
			defaultConfigurationName = Release;
		};
		9B7E3D3621A4CFDA00F4541F /* Build configuration list for PBXNativeTarget "ItoIgnacioAutomne2018" */ = {
			isa = XCConfigurationList;
			buildConfigurations = (
				9B7E3D3721A4CFDA00F4541F /* Debug */,
				9B7E3D3821A4CFDA00F4541F /* Release */,
			);
			defaultConfigurationIsVisible = 0;
			defaultConfigurationName = Release;
		};
		9B7E3D3921A4CFDA00F4541F /* Build configuration list for PBXNativeTarget "ItoIgnacioAutomne2018Tests" */ = {
			isa = XCConfigurationList;
			buildConfigurations = (
				9B7E3D3A21A4CFDA00F4541F /* Debug */,
				9B7E3D3B21A4CFDA00F4541F /* Release */,
			);
			defaultConfigurationIsVisible = 0;
			defaultConfigurationName = Release;
		};
		9B7E3D3C21A4CFDA00F4541F /* Build configuration list for PBXNativeTarget "ItoIgnacioAutomne2018UITests" */ = {
			isa = XCConfigurationList;
			buildConfigurations = (
				9B7E3D3D21A4CFDA00F4541F /* Debug */,
				9B7E3D3E21A4CFDA00F4541F /* Release */,
			);
			defaultConfigurationIsVisible = 0;
			defaultConfigurationName = Release;
		};
/* End XCConfigurationList section */
	};
	rootObject = 9B7E3D0621A4CFD000F4541F /* Project object */;
}
