// !$*UTF8*$!
{
	archiveVersion = 1;
	classes = {
	};
	objectVersion = 50;
	objects = {

/* Begin PBXBuildFile section */
		9B47469C217FD8E6008BC587 /* AppDelegate.swift in Sources */ = {isa = PBXBuildFile; fileRef = 9B47469B217FD8E6008BC587 /* AppDelegate.swift */; };
		9B47469E217FD8E6008BC587 /* ViewController.swift in Sources */ = {isa = PBXBuildFile; fileRef = 9B47469D217FD8E6008BC587 /* ViewController.swift */; };
		9B4746A1217FD8E6008BC587 /* Main.storyboard in Resources */ = {isa = PBXBuildFile; fileRef = 9B47469F217FD8E6008BC587 /* Main.storyboard */; };
		9B4746A3217FD8ED008BC587 /* Assets.xcassets in Resources */ = {isa = PBXBuildFile; fileRef = 9B4746A2217FD8ED008BC587 /* Assets.xcassets */; };
		9B4746A6217FD8ED008BC587 /* LaunchScreen.storyboard in Resources */ = {isa = PBXBuildFile; fileRef = 9B4746A4217FD8ED008BC587 /* LaunchScreen.storyboard */; };
		9B4746B1217FD8ED008BC587 /* etude_helloworldTests.swift in Sources */ = {isa = PBXBuildFile; fileRef = 9B4746B0217FD8ED008BC587 /* etude_helloworldTests.swift */; };
		9B4746BC217FD8EE008BC587 /* etude_helloworldUITests.swift in Sources */ = {isa = PBXBuildFile; fileRef = 9B4746BB217FD8EE008BC587 /* etude_helloworldUITests.swift */; };
		9B4746CC217FE58C008BC587 /* MyTableViewController.swift in Sources */ = {isa = PBXBuildFile; fileRef = 9B4746CB217FE58C008BC587 /* MyTableViewController.swift */; };
/* End PBXBuildFile section */

/* Begin PBXContainerItemProxy section */
		9B4746AD217FD8ED008BC587 /* PBXContainerItemProxy */ = {
			isa = PBXContainerItemProxy;
			containerPortal = 9B474690217FD8E6008BC587 /* Project object */;
			proxyType = 1;
			remoteGlobalIDString = 9B474697217FD8E6008BC587;
			remoteInfo = etude_helloworld;
		};
		9B4746B8217FD8EE008BC587 /* PBXContainerItemProxy */ = {
			isa = PBXContainerItemProxy;
			containerPortal = 9B474690217FD8E6008BC587 /* Project object */;
			proxyType = 1;
			remoteGlobalIDString = 9B474697217FD8E6008BC587;
			remoteInfo = etude_helloworld;
		};
/* End PBXContainerItemProxy section */

/* Begin PBXFileReference section */
		9B474698217FD8E6008BC587 /* etude_helloworld.app */ = {isa = PBXFileReference; explicitFileType = wrapper.application; includeInIndex = 0; path = etude_helloworld.app; sourceTree = BUILT_PRODUCTS_DIR; };
		9B47469B217FD8E6008BC587 /* AppDelegate.swift */ = {isa = PBXFileReference; lastKnownFileType = sourcecode.swift; path = AppDelegate.swift; sourceTree = "<group>"; };
		9B47469D217FD8E6008BC587 /* ViewController.swift */ = {isa = PBXFileReference; lastKnownFileType = sourcecode.swift; path = ViewController.swift; sourceTree = "<group>"; };
		9B4746A0217FD8E6008BC587 /* Base */ = {isa = PBXFileReference; lastKnownFileType = file.storyboard; name = Base; path = Base.lproj/Main.storyboard; sourceTree = "<group>"; };
		9B4746A2217FD8ED008BC587 /* Assets.xcassets */ = {isa = PBXFileReference; lastKnownFileType = folder.assetcatalog; path = Assets.xcassets; sourceTree = "<group>"; };
		9B4746A5217FD8ED008BC587 /* Base */ = {isa = PBXFileReference; lastKnownFileType = file.storyboard; name = Base; path = Base.lproj/LaunchScreen.storyboard; sourceTree = "<group>"; };
		9B4746A7217FD8ED008BC587 /* Info.plist */ = {isa = PBXFileReference; lastKnownFileType = text.plist.xml; path = Info.plist; sourceTree = "<group>"; };
		9B4746AC217FD8ED008BC587 /* etude_helloworldTests.xctest */ = {isa = PBXFileReference; explicitFileType = wrapper.cfbundle; includeInIndex = 0; path = etude_helloworldTests.xctest; sourceTree = BUILT_PRODUCTS_DIR; };
		9B4746B0217FD8ED008BC587 /* etude_helloworldTests.swift */ = {isa = PBXFileReference; lastKnownFileType = sourcecode.swift; path = etude_helloworldTests.swift; sourceTree = "<group>"; };
		9B4746B2217FD8ED008BC587 /* Info.plist */ = {isa = PBXFileReference; lastKnownFileType = text.plist.xml; path = Info.plist; sourceTree = "<group>"; };
		9B4746B7217FD8EE008BC587 /* etude_helloworldUITests.xctest */ = {isa = PBXFileReference; explicitFileType = wrapper.cfbundle; includeInIndex = 0; path = etude_helloworldUITests.xctest; sourceTree = BUILT_PRODUCTS_DIR; };
		9B4746BB217FD8EE008BC587 /* etude_helloworldUITests.swift */ = {isa = PBXFileReference; lastKnownFileType = sourcecode.swift; path = etude_helloworldUITests.swift; sourceTree = "<group>"; };
		9B4746BD217FD8EE008BC587 /* Info.plist */ = {isa = PBXFileReference; lastKnownFileType = text.plist.xml; path = Info.plist; sourceTree = "<group>"; };
		9B4746CB217FE58C008BC587 /* MyTableViewController.swift */ = {isa = PBXFileReference; lastKnownFileType = sourcecode.swift; path = MyTableViewController.swift; sourceTree = "<group>"; };
/* End PBXFileReference section */

/* Begin PBXFrameworksBuildPhase section */
		9B474695217FD8E6008BC587 /* Frameworks */ = {
			isa = PBXFrameworksBuildPhase;
			buildActionMask = 2147483647;
			files = (
			);
			runOnlyForDeploymentPostprocessing = 0;
		};
		9B4746A9217FD8ED008BC587 /* Frameworks */ = {
			isa = PBXFrameworksBuildPhase;
			buildActionMask = 2147483647;
			files = (
			);
			runOnlyForDeploymentPostprocessing = 0;
		};
		9B4746B4217FD8EE008BC587 /* Frameworks */ = {
			isa = PBXFrameworksBuildPhase;
			buildActionMask = 2147483647;
			files = (
			);
			runOnlyForDeploymentPostprocessing = 0;
		};
/* End PBXFrameworksBuildPhase section */

/* Begin PBXGroup section */
		9B47468F217FD8E6008BC587 = {
			isa = PBXGroup;
			children = (
				9B47469A217FD8E6008BC587 /* etude_helloworld */,
				9B4746AF217FD8ED008BC587 /* etude_helloworldTests */,
				9B4746BA217FD8EE008BC587 /* etude_helloworldUITests */,
				9B474699217FD8E6008BC587 /* Products */,
			);
			sourceTree = "<group>";
		};
		9B474699217FD8E6008BC587 /* Products */ = {
			isa = PBXGroup;
			children = (
				9B474698217FD8E6008BC587 /* etude_helloworld.app */,
				9B4746AC217FD8ED008BC587 /* etude_helloworldTests.xctest */,
				9B4746B7217FD8EE008BC587 /* etude_helloworldUITests.xctest */,
			);
			name = Products;
			sourceTree = "<group>";
		};
		9B47469A217FD8E6008BC587 /* etude_helloworld */ = {
			isa = PBXGroup;
			children = (
				9B47469B217FD8E6008BC587 /* AppDelegate.swift */,
				9B47469D217FD8E6008BC587 /* ViewController.swift */,
				9B47469F217FD8E6008BC587 /* Main.storyboard */,
				9B4746CB217FE58C008BC587 /* MyTableViewController.swift */,
				9B4746A2217FD8ED008BC587 /* Assets.xcassets */,
				9B4746A4217FD8ED008BC587 /* LaunchScreen.storyboard */,
				9B4746A7217FD8ED008BC587 /* Info.plist */,
			);
			path = etude_helloworld;
			sourceTree = "<group>";
		};
		9B4746AF217FD8ED008BC587 /* etude_helloworldTests */ = {
			isa = PBXGroup;
			children = (
				9B4746B0217FD8ED008BC587 /* etude_helloworldTests.swift */,
				9B4746B2217FD8ED008BC587 /* Info.plist */,
			);
			path = etude_helloworldTests;
			sourceTree = "<group>";
		};
		9B4746BA217FD8EE008BC587 /* etude_helloworldUITests */ = {
			isa = PBXGroup;
			children = (
				9B4746BB217FD8EE008BC587 /* etude_helloworldUITests.swift */,
				9B4746BD217FD8EE008BC587 /* Info.plist */,
			);
			path = etude_helloworldUITests;
			sourceTree = "<group>";
		};
/* End PBXGroup section */

/* Begin PBXNativeTarget section */
		9B474697217FD8E6008BC587 /* etude_helloworld */ = {
			isa = PBXNativeTarget;
			buildConfigurationList = 9B4746C0217FD8EE008BC587 /* Build configuration list for PBXNativeTarget "etude_helloworld" */;
			buildPhases = (
				9B474694217FD8E6008BC587 /* Sources */,
				9B474695217FD8E6008BC587 /* Frameworks */,
				9B474696217FD8E6008BC587 /* Resources */,
			);
			buildRules = (
			);
			dependencies = (
			);
			name = etude_helloworld;
			productName = etude_helloworld;
			productReference = 9B474698217FD8E6008BC587 /* etude_helloworld.app */;
			productType = "com.apple.product-type.application";
		};
		9B4746AB217FD8ED008BC587 /* etude_helloworldTests */ = {
			isa = PBXNativeTarget;
			buildConfigurationList = 9B4746C3217FD8EE008BC587 /* Build configuration list for PBXNativeTarget "etude_helloworldTests" */;
			buildPhases = (
				9B4746A8217FD8ED008BC587 /* Sources */,
				9B4746A9217FD8ED008BC587 /* Frameworks */,
				9B4746AA217FD8ED008BC587 /* Resources */,
			);
			buildRules = (
			);
			dependencies = (
				9B4746AE217FD8ED008BC587 /* PBXTargetDependency */,
			);
			name = etude_helloworldTests;
			productName = etude_helloworldTests;
			productReference = 9B4746AC217FD8ED008BC587 /* etude_helloworldTests.xctest */;
			productType = "com.apple.product-type.bundle.unit-test";
		};
		9B4746B6217FD8EE008BC587 /* etude_helloworldUITests */ = {
			isa = PBXNativeTarget;
			buildConfigurationList = 9B4746C6217FD8EE008BC587 /* Build configuration list for PBXNativeTarget "etude_helloworldUITests" */;
			buildPhases = (
				9B4746B3217FD8EE008BC587 /* Sources */,
				9B4746B4217FD8EE008BC587 /* Frameworks */,
				9B4746B5217FD8EE008BC587 /* Resources */,
			);
			buildRules = (
			);
			dependencies = (
				9B4746B9217FD8EE008BC587 /* PBXTargetDependency */,
			);
			name = etude_helloworldUITests;
			productName = etude_helloworldUITests;
			productReference = 9B4746B7217FD8EE008BC587 /* etude_helloworldUITests.xctest */;
			productType = "com.apple.product-type.bundle.ui-testing";
		};
/* End PBXNativeTarget section */

/* Begin PBXProject section */
		9B474690217FD8E6008BC587 /* Project object */ = {
			isa = PBXProject;
			attributes = {
				LastSwiftUpdateCheck = 1000;
				LastUpgradeCheck = 1000;
				ORGANIZATIONNAME = eleves;
				TargetAttributes = {
					9B474697217FD8E6008BC587 = {
						CreatedOnToolsVersion = 10.0;
					};
					9B4746AB217FD8ED008BC587 = {
						CreatedOnToolsVersion = 10.0;
						TestTargetID = 9B474697217FD8E6008BC587;
					};
					9B4746B6217FD8EE008BC587 = {
						CreatedOnToolsVersion = 10.0;
						TestTargetID = 9B474697217FD8E6008BC587;
					};
				};
			};
			buildConfigurationList = 9B474693217FD8E6008BC587 /* Build configuration list for PBXProject "etude_helloworld" */;
			compatibilityVersion = "Xcode 9.3";
			developmentRegion = en;
			hasScannedForEncodings = 0;
			knownRegions = (
				en,
				Base,
			);
			mainGroup = 9B47468F217FD8E6008BC587;
			productRefGroup = 9B474699217FD8E6008BC587 /* Products */;
			projectDirPath = "";
			projectRoot = "";
			targets = (
				9B474697217FD8E6008BC587 /* etude_helloworld */,
				9B4746AB217FD8ED008BC587 /* etude_helloworldTests */,
				9B4746B6217FD8EE008BC587 /* etude_helloworldUITests */,
			);
		};
/* End PBXProject section */

/* Begin PBXResourcesBuildPhase section */
		9B474696217FD8E6008BC587 /* Resources */ = {
			isa = PBXResourcesBuildPhase;
			buildActionMask = 2147483647;
			files = (
				9B4746A6217FD8ED008BC587 /* LaunchScreen.storyboard in Resources */,
				9B4746A3217FD8ED008BC587 /* Assets.xcassets in Resources */,
				9B4746A1217FD8E6008BC587 /* Main.storyboard in Resources */,
			);
			runOnlyForDeploymentPostprocessing = 0;
		};
		9B4746AA217FD8ED008BC587 /* Resources */ = {
			isa = PBXResourcesBuildPhase;
			buildActionMask = 2147483647;
			files = (
			);
			runOnlyForDeploymentPostprocessing = 0;
		};
		9B4746B5217FD8EE008BC587 /* Resources */ = {
			isa = PBXResourcesBuildPhase;
			buildActionMask = 2147483647;
			files = (
			);
			runOnlyForDeploymentPostprocessing = 0;
		};
/* End PBXResourcesBuildPhase section */

/* Begin PBXSourcesBuildPhase section */
		9B474694217FD8E6008BC587 /* Sources */ = {
			isa = PBXSourcesBuildPhase;
			buildActionMask = 2147483647;
			files = (
				9B47469E217FD8E6008BC587 /* ViewController.swift in Sources */,
				9B4746CC217FE58C008BC587 /* MyTableViewController.swift in Sources */,
				9B47469C217FD8E6008BC587 /* AppDelegate.swift in Sources */,
			);
			runOnlyForDeploymentPostprocessing = 0;
		};
		9B4746A8217FD8ED008BC587 /* Sources */ = {
			isa = PBXSourcesBuildPhase;
			buildActionMask = 2147483647;
			files = (
				9B4746B1217FD8ED008BC587 /* etude_helloworldTests.swift in Sources */,
			);
			runOnlyForDeploymentPostprocessing = 0;
		};
		9B4746B3217FD8EE008BC587 /* Sources */ = {
			isa = PBXSourcesBuildPhase;
			buildActionMask = 2147483647;
			files = (
				9B4746BC217FD8EE008BC587 /* etude_helloworldUITests.swift in Sources */,
			);
			runOnlyForDeploymentPostprocessing = 0;
		};
/* End PBXSourcesBuildPhase section */

/* Begin PBXTargetDependency section */
		9B4746AE217FD8ED008BC587 /* PBXTargetDependency */ = {
			isa = PBXTargetDependency;
			target = 9B474697217FD8E6008BC587 /* etude_helloworld */;
			targetProxy = 9B4746AD217FD8ED008BC587 /* PBXContainerItemProxy */;
		};
		9B4746B9217FD8EE008BC587 /* PBXTargetDependency */ = {
			isa = PBXTargetDependency;
			target = 9B474697217FD8E6008BC587 /* etude_helloworld */;
			targetProxy = 9B4746B8217FD8EE008BC587 /* PBXContainerItemProxy */;
		};
/* End PBXTargetDependency section */

/* Begin PBXVariantGroup section */
		9B47469F217FD8E6008BC587 /* Main.storyboard */ = {
			isa = PBXVariantGroup;
			children = (
				9B4746A0217FD8E6008BC587 /* Base */,
			);
			name = Main.storyboard;
			sourceTree = "<group>";
		};
		9B4746A4217FD8ED008BC587 /* LaunchScreen.storyboard */ = {
			isa = PBXVariantGroup;
			children = (
				9B4746A5217FD8ED008BC587 /* Base */,
			);
			name = LaunchScreen.storyboard;
			sourceTree = "<group>";
		};
/* End PBXVariantGroup section */

/* Begin XCBuildConfiguration section */
		9B4746BE217FD8EE008BC587 /* Debug */ = {
			isa = XCBuildConfiguration;
			buildSettings = {
				ALWAYS_SEARCH_USER_PATHS = NO;
				CLANG_ANALYZER_NONNULL = YES;
				CLANG_ANALYZER_NUMBER_OBJECT_CONVERSION = YES_AGGRESSIVE;
				CLANG_CXX_LANGUAGE_STANDARD = "gnu++14";
				CLANG_CXX_LIBRARY = "libc++";
				CLANG_ENABLE_MODULES = YES;
				CLANG_ENABLE_OBJC_ARC = YES;
				CLANG_ENABLE_OBJC_WEAK = YES;
				CLANG_WARN_BLOCK_CAPTURE_AUTORELEASING = YES;
				CLANG_WARN_BOOL_CONVERSION = YES;
				CLANG_WARN_COMMA = YES;
				CLANG_WARN_CONSTANT_CONVERSION = YES;
				CLANG_WARN_DEPRECATED_OBJC_IMPLEMENTATIONS = YES;
				CLANG_WARN_DIRECT_OBJC_ISA_USAGE = YES_ERROR;
				CLANG_WARN_DOCUMENTATION_COMMENTS = YES;
				CLANG_WARN_EMPTY_BODY = YES;
				CLANG_WARN_ENUM_CONVERSION = YES;
				CLANG_WARN_INFINITE_RECURSION = YES;
				CLANG_WARN_INT_CONVERSION = YES;
				CLANG_WARN_NON_LITERAL_NULL_CONVERSION = YES;
				CLANG_WARN_OBJC_IMPLICIT_RETAIN_SELF = YES;
				CLANG_WARN_OBJC_LITERAL_CONVERSION = YES;
				CLANG_WARN_OBJC_ROOT_CLASS = YES_ERROR;
				CLANG_WARN_RANGE_LOOP_ANALYSIS = YES;
				CLANG_WARN_STRICT_PROTOTYPES = YES;
				CLANG_WARN_SUSPICIOUS_MOVE = YES;
				CLANG_WARN_UNGUARDED_AVAILABILITY = YES_AGGRESSIVE;
				CLANG_WARN_UNREACHABLE_CODE = YES;
				CLANG_WARN__DUPLICATE_METHOD_MATCH = YES;
				CODE_SIGN_IDENTITY = "iPhone Developer";
				COPY_PHASE_STRIP = NO;
				DEBUG_INFORMATION_FORMAT = dwarf;
				ENABLE_STRICT_OBJC_MSGSEND = YES;
				ENABLE_TESTABILITY = YES;
				GCC_C_LANGUAGE_STANDARD = gnu11;
				GCC_DYNAMIC_NO_PIC = NO;
				GCC_NO_COMMON_BLOCKS = YES;
				GCC_OPTIMIZATION_LEVEL = 0;
				GCC_PREPROCESSOR_DEFINITIONS = (
					"DEBUG=1",
					"$(inherited)",
				);
				GCC_WARN_64_TO_32_BIT_CONVERSION = YES;
				GCC_WARN_ABOUT_RETURN_TYPE = YES_ERROR;
				GCC_WARN_UNDECLARED_SELECTOR = YES;
				GCC_WARN_UNINITIALIZED_AUTOS = YES_AGGRESSIVE;
				GCC_WARN_UNUSED_FUNCTION = YES;
				GCC_WARN_UNUSED_VARIABLE = YES;
				IPHONEOS_DEPLOYMENT_TARGET = 12.0;
				MTL_ENABLE_DEBUG_INFO = INCLUDE_SOURCE;
				MTL_FAST_MATH = YES;
				ONLY_ACTIVE_ARCH = YES;
				SDKROOT = iphoneos;
				SWIFT_ACTIVE_COMPILATION_CONDITIONS = DEBUG;
				SWIFT_OPTIMIZATION_LEVEL = "-Onone";
			};
			name = Debug;
		};
		9B4746BF217FD8EE008BC587 /* Release */ = {
			isa = XCBuildConfiguration;
			buildSettings = {
				ALWAYS_SEARCH_USER_PATHS = NO;
				CLANG_ANALYZER_NONNULL = YES;
				CLANG_ANALYZER_NUMBER_OBJECT_CONVERSION = YES_AGGRESSIVE;
				CLANG_CXX_LANGUAGE_STANDARD = "gnu++14";
				CLANG_CXX_LIBRARY = "libc++";
				CLANG_ENABLE_MODULES = YES;
				CLANG_ENABLE_OBJC_ARC = YES;
				CLANG_ENABLE_OBJC_WEAK = YES;
				CLANG_WARN_BLOCK_CAPTURE_AUTORELEASING = YES;
				CLANG_WARN_BOOL_CONVERSION = YES;
				CLANG_WARN_COMMA = YES;
				CLANG_WARN_CONSTANT_CONVERSION = YES;
				CLANG_WARN_DEPRECATED_OBJC_IMPLEMENTATIONS = YES;
				CLANG_WARN_DIRECT_OBJC_ISA_USAGE = YES_ERROR;
				CLANG_WARN_DOCUMENTATION_COMMENTS = YES;
				CLANG_WARN_EMPTY_BODY = YES;
				CLANG_WARN_ENUM_CONVERSION = YES;
				CLANG_WARN_INFINITE_RECURSION = YES;
				CLANG_WARN_INT_CONVERSION = YES;
				CLANG_WARN_NON_LITERAL_NULL_CONVERSION = YES;
				CLANG_WARN_OBJC_IMPLICIT_RETAIN_SELF = YES;
				CLANG_WARN_OBJC_LITERAL_CONVERSION = YES;
				CLANG_WARN_OBJC_ROOT_CLASS = YES_ERROR;
				CLANG_WARN_RANGE_LOOP_ANALYSIS = YES;
				CLANG_WARN_STRICT_PROTOTYPES = YES;
				CLANG_WARN_SUSPICIOUS_MOVE = YES;
				CLANG_WARN_UNGUARDED_AVAILABILITY = YES_AGGRESSIVE;
				CLANG_WARN_UNREACHABLE_CODE = YES;
				CLANG_WARN__DUPLICATE_METHOD_MATCH = YES;
				CODE_SIGN_IDENTITY = "iPhone Developer";
				COPY_PHASE_STRIP = NO;
				DEBUG_INFORMATION_FORMAT = "dwarf-with-dsym";
				ENABLE_NS_ASSERTIONS = NO;
				ENABLE_STRICT_OBJC_MSGSEND = YES;
				GCC_C_LANGUAGE_STANDARD = gnu11;
				GCC_NO_COMMON_BLOCKS = YES;
				GCC_WARN_64_TO_32_BIT_CONVERSION = YES;
				GCC_WARN_ABOUT_RETURN_TYPE = YES_ERROR;
				GCC_WARN_UNDECLARED_SELECTOR = YES;
				GCC_WARN_UNINITIALIZED_AUTOS = YES_AGGRESSIVE;
				GCC_WARN_UNUSED_FUNCTION = YES;
				GCC_WARN_UNUSED_VARIABLE = YES;
				IPHONEOS_DEPLOYMENT_TARGET = 12.0;
				MTL_ENABLE_DEBUG_INFO = NO;
				MTL_FAST_MATH = YES;
				SDKROOT = iphoneos;
				SWIFT_COMPILATION_MODE = wholemodule;
				SWIFT_OPTIMIZATION_LEVEL = "-O";
				VALIDATE_PRODUCT = YES;
			};
			name = Release;
		};
		9B4746C1217FD8EE008BC587 /* Debug */ = {
			isa = XCBuildConfiguration;
			buildSettings = {
				ASSETCATALOG_COMPILER_APPICON_NAME = AppIcon;
				CODE_SIGN_IDENTITY = "iPhone Developer";
				CODE_SIGN_STYLE = Automatic;
				DEVELOPMENT_TEAM = "";
				INFOPLIST_FILE = etude_helloworld/Info.plist;
				LD_RUNPATH_SEARCH_PATHS = (
					"$(inherited)",
					"@executable_path/Frameworks",
				);
				PRODUCT_BUNDLE_IDENTIFIER = "grasset.etude-helloworld";
				PRODUCT_NAME = "$(TARGET_NAME)";
				PROVISIONING_PROFILE_SPECIFIER = "";
				SWIFT_VERSION = 4.2;
				TARGETED_DEVICE_FAMILY = "1,2";
			};
			name = Debug;
		};
		9B4746C2217FD8EE008BC587 /* Release */ = {
			isa = XCBuildConfiguration;
			buildSettings = {
				ASSETCATALOG_COMPILER_APPICON_NAME = AppIcon;
				CODE_SIGN_IDENTITY = "iPhone Developer";
				CODE_SIGN_STYLE = Automatic;
				DEVELOPMENT_TEAM = "";
				INFOPLIST_FILE = etude_helloworld/Info.plist;
				LD_RUNPATH_SEARCH_PATHS = (
					"$(inherited)",
					"@executable_path/Frameworks",
				);
				PRODUCT_BUNDLE_IDENTIFIER = "grasset.etude-helloworld";
				PRODUCT_NAME = "$(TARGET_NAME)";
				PROVISIONING_PROFILE_SPECIFIER = "";
				SWIFT_VERSION = 4.2;
				TARGETED_DEVICE_FAMILY = "1,2";
			};
			name = Release;
		};
		9B4746C4217FD8EE008BC587 /* Debug */ = {
			isa = XCBuildConfiguration;
			buildSettings = {
				ALWAYS_EMBED_SWIFT_STANDARD_LIBRARIES = YES;
				BUNDLE_LOADER = "$(TEST_HOST)";
				CODE_SIGN_STYLE = Automatic;
				INFOPLIST_FILE = etude_helloworldTests/Info.plist;
				LD_RUNPATH_SEARCH_PATHS = (
					"$(inherited)",
					"@executable_path/Frameworks",
					"@loader_path/Frameworks",
				);
				PRODUCT_BUNDLE_IDENTIFIER = "grasset.etude-helloworldTests";
				PRODUCT_NAME = "$(TARGET_NAME)";
				SWIFT_VERSION = 4.2;
				TARGETED_DEVICE_FAMILY = "1,2";
				TEST_HOST = "$(BUILT_PRODUCTS_DIR)/etude_helloworld.app/etude_helloworld";
			};
			name = Debug;
		};
		9B4746C5217FD8EE008BC587 /* Release */ = {
			isa = XCBuildConfiguration;
			buildSettings = {
				ALWAYS_EMBED_SWIFT_STANDARD_LIBRARIES = YES;
				BUNDLE_LOADER = "$(TEST_HOST)";
				CODE_SIGN_STYLE = Automatic;
				INFOPLIST_FILE = etude_helloworldTests/Info.plist;
				LD_RUNPATH_SEARCH_PATHS = (
					"$(inherited)",
					"@executable_path/Frameworks",
					"@loader_path/Frameworks",
				);
				PRODUCT_BUNDLE_IDENTIFIER = "grasset.etude-helloworldTests";
				PRODUCT_NAME = "$(TARGET_NAME)";
				SWIFT_VERSION = 4.2;
				TARGETED_DEVICE_FAMILY = "1,2";
				TEST_HOST = "$(BUILT_PRODUCTS_DIR)/etude_helloworld.app/etude_helloworld";
			};
			name = Release;
		};
		9B4746C7217FD8EE008BC587 /* Debug */ = {
			isa = XCBuildConfiguration;
			buildSettings = {
				ALWAYS_EMBED_SWIFT_STANDARD_LIBRARIES = YES;
				CODE_SIGN_STYLE = Automatic;
				INFOPLIST_FILE = etude_helloworldUITests/Info.plist;
				LD_RUNPATH_SEARCH_PATHS = (
					"$(inherited)",
					"@executable_path/Frameworks",
					"@loader_path/Frameworks",
				);
				PRODUCT_BUNDLE_IDENTIFIER = "grasset.etude-helloworldUITests";
				PRODUCT_NAME = "$(TARGET_NAME)";
				SWIFT_VERSION = 4.2;
				TARGETED_DEVICE_FAMILY = "1,2";
				TEST_TARGET_NAME = etude_helloworld;
			};
			name = Debug;
		};
		9B4746C8217FD8EE008BC587 /* Release */ = {
			isa = XCBuildConfiguration;
			buildSettings = {
				ALWAYS_EMBED_SWIFT_STANDARD_LIBRARIES = YES;
				CODE_SIGN_STYLE = Automatic;
				INFOPLIST_FILE = etude_helloworldUITests/Info.plist;
				LD_RUNPATH_SEARCH_PATHS = (
					"$(inherited)",
					"@executable_path/Frameworks",
					"@loader_path/Frameworks",
				);
				PRODUCT_BUNDLE_IDENTIFIER = "grasset.etude-helloworldUITests";
				PRODUCT_NAME = "$(TARGET_NAME)";
				SWIFT_VERSION = 4.2;
				TARGETED_DEVICE_FAMILY = "1,2";
				TEST_TARGET_NAME = etude_helloworld;
			};
			name = Release;
		};
/* End XCBuildConfiguration section */

/* Begin XCConfigurationList section */
		9B474693217FD8E6008BC587 /* Build configuration list for PBXProject "etude_helloworld" */ = {
			isa = XCConfigurationList;
			buildConfigurations = (
				9B4746BE217FD8EE008BC587 /* Debug */,
				9B4746BF217FD8EE008BC587 /* Release */,
			);
			defaultConfigurationIsVisible = 0;
			defaultConfigurationName = Release;
		};
		9B4746C0217FD8EE008BC587 /* Build configuration list for PBXNativeTarget "etude_helloworld" */ = {
			isa = XCConfigurationList;
			buildConfigurations = (
				9B4746C1217FD8EE008BC587 /* Debug */,
				9B4746C2217FD8EE008BC587 /* Release */,
			);
			defaultConfigurationIsVisible = 0;
			defaultConfigurationName = Release;
		};
		9B4746C3217FD8EE008BC587 /* Build configuration list for PBXNativeTarget "etude_helloworldTests" */ = {
			isa = XCConfigurationList;
			buildConfigurations = (
				9B4746C4217FD8EE008BC587 /* Debug */,
				9B4746C5217FD8EE008BC587 /* Release */,
			);
			defaultConfigurationIsVisible = 0;
			defaultConfigurationName = Release;
		};
		9B4746C6217FD8EE008BC587 /* Build configuration list for PBXNativeTarget "etude_helloworldUITests" */ = {
			isa = XCConfigurationList;
			buildConfigurations = (
				9B4746C7217FD8EE008BC587 /* Debug */,
				9B4746C8217FD8EE008BC587 /* Release */,
			);
			defaultConfigurationIsVisible = 0;
			defaultConfigurationName = Release;
		};
/* End XCConfigurationList section */
	};
	rootObject = 9B474690217FD8E6008BC587 /* Project object */;
}
